{
  "name": "rust-genetic",
  "lockfileVersion": 3,
  "requires": true,
  "packages": {
    "": {
      "dependencies": {
        "create-wasm-app": "/usr/local/lib/node_modules/create-wasm-app"
      }
    },
    "../../../../../usr/local/lib/node_modules/create-wasm-app": {},
    "node_modules/create-wasm-app": {
      "resolved": "../../../../../usr/local/lib/node_modules/create-wasm-app",
      "link": true
    }
  }
}
